
Microsoft Visual Studio Solution File, Format Version 11.00
# Visual Studio 2010
Project("{FAE04EC0-301F-11D3-BF4B-00C04F79EFBC}") = "Assembly-CSharp", "Assembly-CSharp.csproj", "{877B3C72-DC5F-CBA7-477A-2262013A7BDF}"
EndProject
Project("{FAE04EC0-301F-11D3-BF4B-00C04F79EFBC}") = "Assembly-CSharp-Editor", "Assembly-CSharp-Editor.csproj", "{8AF84DCD-1976-2C46-A3E4-5C95CDE00B65}"
EndProject
Global
	GlobalSection(SolutionConfigurationPlatforms) = preSolution
		Debug|Any CPU = Debug|Any CPU
		Release|Any CPU = Release|Any CPU
	EndGlobalSection
	GlobalSection(ProjectConfigurationPlatforms) = postSolution
		{877B3C72-DC5F-CBA7-477A-2262013A7BDF}.Debug|Any CPU.ActiveCfg = Debug|Any CPU
		{877B3C72-DC5F-CBA7-477A-2262013A7BDF}.Debug|Any CPU.Build.0 = Debug|Any CPU
		{877B3C72-DC5F-CBA7-477A-2262013A7BDF}.Release|Any CPU.ActiveCfg = Release|Any CPU
		{877B3C72-DC5F-CBA7-477A-2262013A7BDF}.Release|Any CPU.Build.0 = Release|Any CPU
		{8AF84DCD-1976-2C46-A3E4-5C95CDE00B65}.Debug|Any CPU.ActiveCfg = Debug|Any CPU
		{8AF84DCD-1976-2C46-A3E4-5C95CDE00B65}.Debug|Any CPU.Build.0 = Debug|Any CPU
		{8AF84DCD-1976-2C46-A3E4-5C95CDE00B65}.Release|Any CPU.ActiveCfg = Release|Any CPU
		{8AF84DCD-1976-2C46-A3E4-5C95CDE00B65}.Release|Any CPU.Build.0 = Release|Any CPU
	EndGlobalSection
	GlobalSection(SolutionProperties) = preSolution
		HideSolutionNode = FALSE
	EndGlobalSection
EndGlobal
